
Microsoft Visual Studio Solution File, Format Version 12.00
# Visual Studio 15
VisualStudioVersion = 15.0.27703.2035
MinimumVisualStudioVersion = 10.0.40219.1
Project("{FAE04EC0-301F-11D3-BF4B-00C04F79EFBC}") = "XF.Mapas.Android", "XF.Mapas\XF.Mapas.Android\XF.Mapas.Android.csproj", "{603943B2-8D22-4FF5-84DB-D1F4294760B4}"
EndProject
Project("{FAE04EC0-301F-11D3-BF4B-00C04F79EFBC}") = "XF.Mapas.iOS", "XF.Mapas\XF.Mapas.iOS\XF.Mapas.iOS.csproj", "{EC33702C-2268-4696-9A77-01022EF3255D}"
EndProject
Project("{FAE04EC0-301F-11D3-BF4B-00C04F79EFBC}") = "XF.Mapas", "XF.Mapas\XF.Mapas\XF.Mapas.csproj", "{F1734175-ABDD-4F57-B672-37DB37E99753}"
EndProject
Global
	GlobalSection(SolutionConfigurationPlatforms) = preSolution
		Ad-Hoc|Any CPU = Ad-Hoc|Any CPU
		Ad-Hoc|iPhone = Ad-Hoc|iPhone
		Ad-Hoc|iPhoneSimulator = Ad-Hoc|iPhoneSimulator
		AppStore|Any CPU = AppStore|Any CPU
		AppStore|iPhone = AppStore|iPhone
		AppStore|iPhoneSimulator = AppStore|iPhoneSimulator
		Debug|Any CPU = Debug|Any CPU
		Debug|iPhone = Debug|iPhone
		Debug|iPhoneSimulator = Debug|iPhoneSimulator
		Release|Any CPU = Release|Any CPU
		Release|iPhone = Release|iPhone
		Release|iPhoneSimulator = Release|iPhoneSimulator
	EndGlobalSection
	GlobalSection(ProjectConfigurationPlatforms) = postSolution
		{603943B2-8D22-4FF5-84DB-D1F4294760B4}.Ad-Hoc|Any CPU.ActiveCfg = Release|Any CPU
		{603943B2-8D22-4FF5-84DB-D1F4294760B4}.Ad-Hoc|Any CPU.Build.0 = Release|Any CPU
		{603943B2-8D22-4FF5-84DB-D1F4294760B4}.Ad-Hoc|Any CPU.Deploy.0 = Release|Any CPU
		{603943B2-8D22-4FF5-84DB-D1F4294760B4}.Ad-Hoc|iPhone.ActiveCfg = Release|Any CPU
		{603943B2-8D22-4FF5-84DB-D1F4294760B4}.Ad-Hoc|iPhone.Build.0 = Release|Any CPU
		{603943B2-8D22-4FF5-84DB-D1F4294760B4}.Ad-Hoc|iPhone.Deploy.0 = Release|Any CPU
		{603943B2-8D22-4FF5-84DB-D1F4294760B4}.Ad-Hoc|iPhoneSimulator.ActiveCfg = Release|Any CPU
		{603943B2-8D22-4FF5-84DB-D1F4294760B4}.Ad-Hoc|iPhoneSimulator.Build.0 = Release|Any CPU
		{603943B2-8D22-4FF5-84DB-D1F4294760B4}.Ad-Hoc|iPhoneSimulator.Deploy.0 = Release|Any CPU
		{603943B2-8D22-4FF5-84DB-D1F4294760B4}.AppStore|Any CPU.ActiveCfg = Release|Any CPU
		{603943B2-8D22-4FF5-84DB-D1F4294760B4}.AppStore|Any CPU.Build.0 = Release|Any CPU
		{603943B2-8D22-4FF5-84DB-D1F4294760B4}.AppStore|Any CPU.Deploy.0 = Release|Any CPU
		{603943B2-8D22-4FF5-84DB-D1F4294760B4}.AppStore|iPhone.ActiveCfg = Release|Any CPU
		{603943B2-8D22-4FF5-84DB-D1F4294760B4}.AppStore|iPhone.Build.0 = Release|Any CPU
		{603943B2-8D22-4FF5-84DB-D1F4294760B4}.AppStore|iPhone.Deploy.0 = Release|Any CPU
		{603943B2-8D22-4FF5-84DB-D1F4294760B4}.AppStore|iPhoneSimulator.ActiveCfg = Release|Any CPU
		{603943B2-8D22-4FF5-84DB-D1F4294760B4}.AppStore|iPhoneSimulator.Build.0 = Release|Any CPU
		{603943B2-8D22-4FF5-84DB-D1F4294760B4}.AppStore|iPhoneSimulator.Deploy.0 = Release|Any CPU
		{603943B2-8D22-4FF5-84DB-D1F4294760B4}.Debug|Any CPU.ActiveCfg = Debug|Any CPU
		{603943B2-8D22-4FF5-84DB-D1F4294760B4}.Debug|Any CPU.Build.0 = Debug|Any CPU
		{603943B2-8D22-4FF5-84DB-D1F4294760B4}.Debug|Any CPU.Deploy.0 = Debug|Any CPU
		{603943B2-8D22-4FF5-84DB-D1F4294760B4}.Debug|iPhone.ActiveCfg = Debug|Any CPU
		{603943B2-8D22-4FF5-84DB-D1F4294760B4}.Debug|iPhone.Build.0 = Debug|Any CPU
		{603943B2-8D22-4FF5-84DB-D1F4294760B4}.Debug|iPhone.Deploy.0 = Debug|Any CPU
		{603943B2-8D22-4FF5-84DB-D1F4294760B4}.Debug|iPhoneSimulator.ActiveCfg = Debug|Any CPU
		{603943B2-8D22-4FF5-84DB-D1F4294760B4}.Debug|iPhoneSimulator.Build.0 = Debug|Any CPU
		{603943B2-8D22-4FF5-84DB-D1F4294760B4}.Debug|iPhoneSimulator.Deploy.0 = Debug|Any CPU
		{603943B2-8D22-4FF5-84DB-D1F4294760B4}.Release|Any CPU.ActiveCfg = Release|Any CPU
		{603943B2-8D22-4FF5-84DB-D1F4294760B4}.Release|Any CPU.Build.0 = Release|Any CPU
		{603943B2-8D22-4FF5-84DB-D1F4294760B4}.Release|Any CPU.Deploy.0 = Release|Any CPU
		{603943B2-8D22-4FF5-84DB-D1F4294760B4}.Release|iPhone.ActiveCfg = Release|Any CPU
		{603943B2-8D22-4FF5-84DB-D1F4294760B4}.Release|iPhone.Build.0 = Release|Any CPU
		{603943B2-8D22-4FF5-84DB-D1F4294760B4}.Release|iPhone.Deploy.0 = Release|Any CPU
		{603943B2-8D22-4FF5-84DB-D1F4294760B4}.Release|iPhoneSimulator.ActiveCfg = Release|Any CPU
		{603943B2-8D22-4FF5-84DB-D1F4294760B4}.Release|iPhoneSimulator.Build.0 = Release|Any CPU
		{603943B2-8D22-4FF5-84DB-D1F4294760B4}.Release|iPhoneSimulator.Deploy.0 = Release|Any CPU
		{EC33702C-2268-4696-9A77-01022EF3255D}.Ad-Hoc|Any CPU.ActiveCfg = Ad-Hoc|iPhone
		{EC33702C-2268-4696-9A77-01022EF3255D}.Ad-Hoc|Any CPU.Build.0 = Ad-Hoc|iPhone
		{EC33702C-2268-4696-9A77-01022EF3255D}.Ad-Hoc|Any CPU.Deploy.0 = Ad-Hoc|iPhone
		{EC33702C-2268-4696-9A77-01022EF3255D}.Ad-Hoc|iPhone.ActiveCfg = Ad-Hoc|iPhone
		{EC33702C-2268-4696-9A77-01022EF3255D}.Ad-Hoc|iPhone.Build.0 = Ad-Hoc|iPhone
		{EC33702C-2268-4696-9A77-01022EF3255D}.Ad-Hoc|iPhone.Deploy.0 = Ad-Hoc|iPhone
		{EC33702C-2268-4696-9A77-01022EF3255D}.Ad-Hoc|iPhoneSimulator.ActiveCfg = Ad-Hoc|iPhoneSimulator
		{EC33702C-2268-4696-9A77-01022EF3255D}.Ad-Hoc|iPhoneSimulator.Build.0 = Ad-Hoc|iPhoneSimulator
		{EC33702C-2268-4696-9A77-01022EF3255D}.Ad-Hoc|iPhoneSimulator.Deploy.0 = Ad-Hoc|iPhoneSimulator
		{EC33702C-2268-4696-9A77-01022EF3255D}.AppStore|Any CPU.ActiveCfg = AppStore|iPhone
		{EC33702C-2268-4696-9A77-01022EF3255D}.AppStore|Any CPU.Build.0 = AppStore|iPhone
		{EC33702C-2268-4696-9A77-01022EF3255D}.AppStore|Any CPU.Deploy.0 = AppStore|iPhone
		{EC33702C-2268-4696-9A77-01022EF3255D}.AppStore|iPhone.ActiveCfg = AppStore|iPhone
		{EC33702C-2268-4696-9A77-01022EF3255D}.AppStore|iPhone.Build.0 = AppStore|iPhone
		{EC33702C-2268-4696-9A77-01022EF3255D}.AppStore|iPhone.Deploy.0 = AppStore|iPhone
		{EC33702C-2268-4696-9A77-01022EF3255D}.AppStore|iPhoneSimulator.ActiveCfg = AppStore|iPhoneSimulator
		{EC33702C-2268-4696-9A77-01022EF3255D}.AppStore|iPhoneSimulator.Build.0 = AppStore|iPhoneSimulator
		{EC33702C-2268-4696-9A77-01022EF3255D}.AppStore|iPhoneSimulator.Deploy.0 = AppStore|iPhoneSimulator
		{EC33702C-2268-4696-9A77-01022EF3255D}.Debug|Any CPU.ActiveCfg = Debug|iPhoneSimulator
		{EC33702C-2268-4696-9A77-01022EF3255D}.Debug|Any CPU.Build.0 = Debug|iPhoneSimulator
		{EC33702C-2268-4696-9A77-01022EF3255D}.Debug|Any CPU.Deploy.0 = Debug|iPhoneSimulator
		{EC33702C-2268-4696-9A77-01022EF3255D}.Debug|iPhone.ActiveCfg = Debug|iPhone
		{EC33702C-2268-4696-9A77-01022EF3255D}.Debug|iPhone.Build.0 = Debug|iPhone
		{EC33702C-2268-4696-9A77-01022EF3255D}.Debug|iPhone.Deploy.0 = Debug|iPhone
		{EC33702C-2268-4696-9A77-01022EF3255D}.Debug|iPhoneSimulator.ActiveCfg = Debug|iPhoneSimulator
		{EC33702C-2268-4696-9A77-01022EF3255D}.Debug|iPhoneSimulator.Build.0 = Debug|iPhoneSimulator
		{EC33702C-2268-4696-9A77-01022EF3255D}.Debug|iPhoneSimulator.Deploy.0 = Debug|iPhoneSimulator
		{EC33702C-2268-4696-9A77-01022EF3255D}.Release|Any CPU.ActiveCfg = Release|iPhone
		{EC33702C-2268-4696-9A77-01022EF3255D}.Release|Any CPU.Build.0 = Release|iPhone
		{EC33702C-2268-4696-9A77-01022EF3255D}.Release|Any CPU.Deploy.0 = Release|iPhone
		{EC33702C-2268-4696-9A77-01022EF3255D}.Release|iPhone.ActiveCfg = Release|iPhone
		{EC33702C-2268-4696-9A77-01022EF3255D}.Release|iPhone.Build.0 = Release|iPhone
		{EC33702C-2268-4696-9A77-01022EF3255D}.Release|iPhone.Deploy.0 = Release|iPhone
		{EC33702C-2268-4696-9A77-01022EF3255D}.Release|iPhoneSimulator.ActiveCfg = Release|iPhoneSimulator
		{EC33702C-2268-4696-9A77-01022EF3255D}.Release|iPhoneSimulator.Build.0 = Release|iPhoneSimulator
		{EC33702C-2268-4696-9A77-01022EF3255D}.Release|iPhoneSimulator.Deploy.0 = Release|iPhoneSimulator
		{F1734175-ABDD-4F57-B672-37DB37E99753}.Ad-Hoc|Any CPU.ActiveCfg = Debug|Any CPU
		{F1734175-ABDD-4F57-B672-37DB37E99753}.Ad-Hoc|Any CPU.Build.0 = Debug|Any CPU
		{F1734175-ABDD-4F57-B672-37DB37E99753}.Ad-Hoc|Any CPU.Deploy.0 = Debug|Any CPU
		{F1734175-ABDD-4F57-B672-37DB37E99753}.Ad-Hoc|iPhone.ActiveCfg = Debug|Any CPU
		{F1734175-ABDD-4F57-B672-37DB37E99753}.Ad-Hoc|iPhone.Build.0 = Debug|Any CPU
		{F1734175-ABDD-4F57-B672-37DB37E99753}.Ad-Hoc|iPhone.Deploy.0 = Debug|Any CPU
		{F1734175-ABDD-4F57-B672-37DB37E99753}.Ad-Hoc|iPhoneSimulator.ActiveCfg = Debug|Any CPU
		{F1734175-ABDD-4F57-B672-37DB37E99753}.Ad-Hoc|iPhoneSimulator.Build.0 = Debug|Any CPU
		{F1734175-ABDD-4F57-B672-37DB37E99753}.Ad-Hoc|iPhoneSimulator.Deploy.0 = Debug|Any CPU
		{F1734175-ABDD-4F57-B672-37DB37E99753}.AppStore|Any CPU.ActiveCfg = Debug|Any CPU
		{F1734175-ABDD-4F57-B672-37DB37E99753}.AppStore|Any CPU.Build.0 = Debug|Any CPU
		{F1734175-ABDD-4F57-B672-37DB37E99753}.AppStore|Any CPU.Deploy.0 = Debug|Any CPU
		{F1734175-ABDD-4F57-B672-37DB37E99753}.AppStore|iPhone.ActiveCfg = Debug|Any CPU
		{F1734175-ABDD-4F57-B672-37DB37E99753}.AppStore|iPhone.Build.0 = Debug|Any CPU
		{F1734175-ABDD-4F57-B672-37DB37E99753}.AppStore|iPhone.Deploy.0 = Debug|Any CPU
		{F1734175-ABDD-4F57-B672-37DB37E99753}.AppStore|iPhoneSimulator.ActiveCfg = Debug|Any CPU
		{F1734175-ABDD-4F57-B672-37DB37E99753}.AppStore|iPhoneSimulator.Build.0 = Debug|Any CPU
		{F1734175-ABDD-4F57-B672-37DB37E99753}.AppStore|iPhoneSimulator.Deploy.0 = Debug|Any CPU
		{F1734175-ABDD-4F57-B672-37DB37E99753}.Debug|Any CPU.ActiveCfg = Debug|Any CPU
		{F1734175-ABDD-4F57-B672-37DB37E99753}.Debug|Any CPU.Build.0 = Debug|Any CPU
		{F1734175-ABDD-4F57-B672-37DB37E99753}.Debug|Any CPU.Deploy.0 = Debug|Any CPU
		{F1734175-ABDD-4F57-B672-37DB37E99753}.Debug|iPhone.ActiveCfg = Debug|Any CPU
		{F1734175-ABDD-4F57-B672-37DB37E99753}.Debug|iPhone.Build.0 = Debug|Any CPU
		{F1734175-ABDD-4F57-B672-37DB37E99753}.Debug|iPhone.Deploy.0 = Debug|Any CPU
		{F1734175-ABDD-4F57-B672-37DB37E99753}.Debug|iPhoneSimulator.ActiveCfg = Debug|Any CPU
		{F1734175-ABDD-4F57-B672-37DB37E99753}.Debug|iPhoneSimulator.Build.0 = Debug|Any CPU
		{F1734175-ABDD-4F57-B672-37DB37E99753}.Debug|iPhoneSimulator.Deploy.0 = Debug|Any CPU
		{F1734175-ABDD-4F57-B672-37DB37E99753}.Release|Any CPU.ActiveCfg = Release|Any CPU
		{F1734175-ABDD-4F57-B672-37DB37E99753}.Release|Any CPU.Build.0 = Release|Any CPU
		{F1734175-ABDD-4F57-B672-37DB37E99753}.Release|Any CPU.Deploy.0 = Release|Any CPU
		{F1734175-ABDD-4F57-B672-37DB37E99753}.Release|iPhone.ActiveCfg = Release|Any CPU
		{F1734175-ABDD-4F57-B672-37DB37E99753}.Release|iPhone.Build.0 = Release|Any CPU
		{F1734175-ABDD-4F57-B672-37DB37E99753}.Release|iPhone.Deploy.0 = Release|Any CPU
		{F1734175-ABDD-4F57-B672-37DB37E99753}.Release|iPhoneSimulator.ActiveCfg = Release|Any CPU
		{F1734175-ABDD-4F57-B672-37DB37E99753}.Release|iPhoneSimulator.Build.0 = Release|Any CPU
		{F1734175-ABDD-4F57-B672-37DB37E99753}.Release|iPhoneSimulator.Deploy.0 = Release|Any CPU
	EndGlobalSection
	GlobalSection(SolutionProperties) = preSolution
		HideSolutionNode = FALSE
	EndGlobalSection
	GlobalSection(ExtensibilityGlobals) = postSolution
		SolutionGuid = {BB465351-7D85-4451-9F25-5E6D6F43D1E9}
	EndGlobalSection
EndGlobal
